
Microsoft Visual Studio Solution File, Format Version 12.00
# Visual Studio Version 17
VisualStudioVersion = 17.9.34902.65
MinimumVisualStudioVersion = 10.0.40219.1
Project("{2150E333-8FDC-42A3-9474-1A3956D46DE8}") = "Services", "Services", "{7A079F87-7987-41C5-9081-7958383EAC26}"
EndProject
Project("{2150E333-8FDC-42A3-9474-1A3956D46DE8}") = "Catalog", "Catalog", "{7CDBF02F-0E2A-4C2C-956E-9BD37161C3AD}"
EndProject
Project("{9A19103F-16F7-4668-BE54-9A1E7A4F7556}") = "Ecommerce.Catalog", "Services\Catalog\Ecommerce.Catalog\Ecommerce.Catalog.csproj", "{E6769A32-19BD-4BDC-B34A-84DF1302D007}"
EndProject
Project("{2150E333-8FDC-42A3-9474-1A3956D46DE8}") = "Discount", "Discount", "{A112ACCF-E04D-4CCC-A2FA-362D66C73D3C}"
EndProject
Project("{9A19103F-16F7-4668-BE54-9A1E7A4F7556}") = "Ecommerce.Discount", "Services\Discount\Ecommerce.Discount\Ecommerce.Discount.csproj", "{96197657-7058-43FC-8A51-7EB60C732E4E}"
EndProject
Project("{2150E333-8FDC-42A3-9474-1A3956D46DE8}") = "Order", "Order", "{426E5B61-50E5-4603-B1FD-F705CA576B11}"
EndProject
Project("{2150E333-8FDC-42A3-9474-1A3956D46DE8}") = "Presentation", "Presentation", "{4A453CE7-E73B-4702-ADA5-070EFE8E3CBE}"
EndProject
Project("{2150E333-8FDC-42A3-9474-1A3956D46DE8}") = "Core", "Core", "{A29F3ADD-4FBE-4AF7-B676-2E001D006E8B}"
EndProject
Project("{2150E333-8FDC-42A3-9474-1A3956D46DE8}") = "Infrastructure", "Infrastructure", "{310D14F2-BCDD-4C65-B666-58CDFDB087A9}"
EndProject
Project("{9A19103F-16F7-4668-BE54-9A1E7A4F7556}") = "Ecommerce.Order.Domain", "Services\Order\Core\Ecommerce.Order.Domain\Ecommerce.Order.Domain.csproj", "{DFF9FBDA-6698-43F9-8BAA-1B8EBF1B861C}"
EndProject
Project("{9A19103F-16F7-4668-BE54-9A1E7A4F7556}") = "Ecommerce.Order.Application", "Services\Order\Core\Ecommerce.Order.Application\Ecommerce.Order.Application.csproj", "{19858183-D28D-4151-BE4A-10C9622E4C43}"
EndProject
Project("{9A19103F-16F7-4668-BE54-9A1E7A4F7556}") = "Ecommerce.Order.Persistence", "Service\Order\Infrastructure\Ecommerce.Order.Persistence\Ecommerce.Order.Persistence.csproj", "{E784B477-6734-49F0-90FE-3BFF89C32B23}"
EndProject
Project("{9A19103F-16F7-4668-BE54-9A1E7A4F7556}") = "Ecommerce.Order.WebApi", "Services\Order\Presentation\Ecommerce.Order.WebApi\Ecommerce.Order.WebApi.csproj", "{FEE73290-39A6-4A00-ACB5-550F33CAD1A5}"
EndProject
Project("{2150E333-8FDC-42A3-9474-1A3956D46DE8}") = "IdentityServer", "IdentityServer", "{66C1C102-B6CD-4083-85E9-070032E8F67C}"
EndProject
Project("{9A19103F-16F7-4668-BE54-9A1E7A4F7556}") = "Ecommerce.IdentityServer", "IdentityServer\Ecommerce.IdentityServer\Ecommerce.IdentityServer.csproj", "{0555CBC8-BA09-41E0-836B-E4535DF2597E}"
EndProject
Project("{2150E333-8FDC-42A3-9474-1A3956D46DE8}") = "Requeriment", "Requeriment", "{CE1B8002-0F5E-43C6-B448-9CB4034864D6}"
EndProject
Project("{2150E333-8FDC-42A3-9474-1A3956D46DE8}") = "Cargo", "Cargo", "{B8721736-DECE-47EE-B377-4CD859230634}"
EndProject
Project("{9A19103F-16F7-4668-BE54-9A1E7A4F7556}") = "Ecommerce.Cargo.BusinessLayer", "Services\Cargo\Ecommerce.Cargo.BusinessLayer\Ecommerce.Cargo.BusinessLayer.csproj", "{7AF2E0BC-0456-4BB8-9F5E-3AAAD403E518}"
EndProject
Project("{9A19103F-16F7-4668-BE54-9A1E7A4F7556}") = "Ecommerce.Cargo.EtitiyLayer", "Services\Cargo\Ecommerce.Cargo.EtitiyLayer\Ecommerce.Cargo.EtitiyLayer.csproj", "{AB5D449C-D4FC-4E57-8E00-9D89866A702E}"
EndProject
Project("{9A19103F-16F7-4668-BE54-9A1E7A4F7556}") = "Ecommerce.Cargo.DataAccesLayer", "Services\Cargo\Ecommerce.Cargo.DataAccesLayer\Ecommerce.Cargo.DataAccesLayer.csproj", "{B9FB91FC-E41B-4B7A-9A72-0FE08583432E}"
EndProject
Project("{9A19103F-16F7-4668-BE54-9A1E7A4F7556}") = "Ecommerce.Cargo.DtoLayer", "Services\Cargo\Ecommerce.Cargo.DtoLayer\Ecommerce.Cargo.DtoLayer.csproj", "{68616255-2163-4281-B8B8-D85C55C03197}"
EndProject
Project("{9A19103F-16F7-4668-BE54-9A1E7A4F7556}") = "Ecommerce.Cargo.WebApi", "Services\Cargo\Ecommerce.Cargo.WebApi\Ecommerce.Cargo.WebApi.csproj", "{59F27D75-52B2-46C2-81C7-7184AF16D086}"
EndProject
Project("{2150E333-8FDC-42A3-9474-1A3956D46DE8}") = "Basket", "Basket", "{2EC80844-CFDD-44D3-B702-46A1F914B0B5}"
EndProject
Project("{9A19103F-16F7-4668-BE54-9A1E7A4F7556}") = "Ecommerce.Basket", "Services\Basket\Ecommerce.Basket\Ecommerce.Basket.csproj", "{D149A6D8-A0D0-48F9-9D61-FF2B9852FB7C}"
EndProject
Project("{2150E333-8FDC-42A3-9474-1A3956D46DE8}") = "Frontends", "Frontends", "{47B7C309-5CFB-4604-9E03-AEA13C7F1D33}"
EndProject
Project("{9A19103F-16F7-4668-BE54-9A1E7A4F7556}") = "Ecommerce.WebUI", "Frontends\Ecommerce.WebUI\Ecommerce.WebUI.csproj", "{11C5B81B-3447-41FA-8F05-D19BA669EEB3}"
EndProject
Project("{FAE04EC0-301F-11D3-BF4B-00C04F79EFBC}") = "Ecommerce.DtoLayer", "Frontends\Ecommerce.DtoLayer\Ecommerce.DtoLayer.csproj", "{EC591FF0-26E5-439A-BF58-A25756A648F9}"
EndProject
Project("{2150E333-8FDC-42A3-9474-1A3956D46DE8}") = "Comment", "Comment", "{02EA681E-C7D8-13C7-8484-4AC65E1B71E8}"
EndProject
Project("{FAE04EC0-301F-11D3-BF4B-00C04F79EFBC}") = "Ecommerce.Comment", "Services\Comment\Ecommerce.Comment\Ecommerce.Comment.csproj", "{720742E4-78D8-424D-9A7C-54B6DEDEEDC3}"
EndProject
Project("{2150E333-8FDC-42A3-9474-1A3956D46DE8}") = "ApiGateway", "ApiGateway", "{45B5FEB1-3EFE-4FB2-B55A-8968E841703E}"
	ProjectSection(SolutionItems) = preProject
		Ocelot ornek kod.txt = Ocelot ornek kod.txt
	EndProjectSection
EndProject
Project("{FAE04EC0-301F-11D3-BF4B-00C04F79EFBC}") = "Ecommerce.OcelotGateway", "ApiGateway\Ecommerce.OcelotGateway\Ecommerce.OcelotGateway.csproj", "{EF8D14C6-C8FB-4DB8-B75E-DDB2C472F1D2}"
EndProject
Project("{2150E333-8FDC-42A3-9474-1A3956D46DE8}") = "Payment", "Payment", "{F9F7ECEA-3113-428E-A6D7-A98CDF33A85D}"
EndProject
Project("{FAE04EC0-301F-11D3-BF4B-00C04F79EFBC}") = "Ecommerce.Payment", "Services\Payment\Ecommerce.Payment\Ecommerce.Payment.csproj", "{0B667811-B4B3-4CBA-9DAA-0FD7580CC1A9}"
EndProject
Project("{2150E333-8FDC-42A3-9474-1A3956D46DE8}") = "Images", "Images", "{ACEAFDEE-F780-48F1-825A-12B340ADD733}"
EndProject
Project("{FAE04EC0-301F-11D3-BF4B-00C04F79EFBC}") = "Ecommerce.Images", "Services\Images\Ecommerce.Images\Ecommerce.Images.csproj", "{05C50480-52FB-4811-8743-43BCD88F5086}"
EndProject
Project("{2150E333-8FDC-42A3-9474-1A3956D46DE8}") = "Message", "Message", "{9206212C-38C0-4301-B5F0-0A1B436B0AB9}"
EndProject
Project("{FAE04EC0-301F-11D3-BF4B-00C04F79EFBC}") = "Ecommerce.Message", "Services\Ecommerce.Message\Ecommerce.Message.csproj", "{11CE117D-B2C9-4326-A0B0-1ED217961FEC}"
EndProject
Global
	GlobalSection(SolutionConfigurationPlatforms) = preSolution
		Debug|Any CPU = Debug|Any CPU
		Release|Any CPU = Release|Any CPU
	EndGlobalSection
	GlobalSection(ProjectConfigurationPlatforms) = postSolution
		{E6769A32-19BD-4BDC-B34A-84DF1302D007}.Debug|Any CPU.ActiveCfg = Debug|Any CPU
		{E6769A32-19BD-4BDC-B34A-84DF1302D007}.Debug|Any CPU.Build.0 = Debug|Any CPU
		{E6769A32-19BD-4BDC-B34A-84DF1302D007}.Release|Any CPU.ActiveCfg = Release|Any CPU
		{E6769A32-19BD-4BDC-B34A-84DF1302D007}.Release|Any CPU.Build.0 = Release|Any CPU
		{96197657-7058-43FC-8A51-7EB60C732E4E}.Debug|Any CPU.ActiveCfg = Debug|Any CPU
		{96197657-7058-43FC-8A51-7EB60C732E4E}.Debug|Any CPU.Build.0 = Debug|Any CPU
		{96197657-7058-43FC-8A51-7EB60C732E4E}.Release|Any CPU.ActiveCfg = Release|Any CPU
		{96197657-7058-43FC-8A51-7EB60C732E4E}.Release|Any CPU.Build.0 = Release|Any CPU
		{DFF9FBDA-6698-43F9-8BAA-1B8EBF1B861C}.Debug|Any CPU.ActiveCfg = Debug|Any CPU
		{DFF9FBDA-6698-43F9-8BAA-1B8EBF1B861C}.Debug|Any CPU.Build.0 = Debug|Any CPU
		{DFF9FBDA-6698-43F9-8BAA-1B8EBF1B861C}.Release|Any CPU.ActiveCfg = Release|Any CPU
		{DFF9FBDA-6698-43F9-8BAA-1B8EBF1B861C}.Release|Any CPU.Build.0 = Release|Any CPU
		{19858183-D28D-4151-BE4A-10C9622E4C43}.Debug|Any CPU.ActiveCfg = Debug|Any CPU
		{19858183-D28D-4151-BE4A-10C9622E4C43}.Debug|Any CPU.Build.0 = Debug|Any CPU
		{19858183-D28D-4151-BE4A-10C9622E4C43}.Release|Any CPU.ActiveCfg = Release|Any CPU
		{19858183-D28D-4151-BE4A-10C9622E4C43}.Release|Any CPU.Build.0 = Release|Any CPU
		{E784B477-6734-49F0-90FE-3BFF89C32B23}.Debug|Any CPU.ActiveCfg = Debug|Any CPU
		{E784B477-6734-49F0-90FE-3BFF89C32B23}.Debug|Any CPU.Build.0 = Debug|Any CPU
		{E784B477-6734-49F0-90FE-3BFF89C32B23}.Release|Any CPU.ActiveCfg = Release|Any CPU
		{E784B477-6734-49F0-90FE-3BFF89C32B23}.Release|Any CPU.Build.0 = Release|Any CPU
		{FEE73290-39A6-4A00-ACB5-550F33CAD1A5}.Debug|Any CPU.ActiveCfg = Debug|Any CPU
		{FEE73290-39A6-4A00-ACB5-550F33CAD1A5}.Debug|Any CPU.Build.0 = Debug|Any CPU
		{FEE73290-39A6-4A00-ACB5-550F33CAD1A5}.Release|Any CPU.ActiveCfg = Release|Any CPU
		{FEE73290-39A6-4A00-ACB5-550F33CAD1A5}.Release|Any CPU.Build.0 = Release|Any CPU
		{0555CBC8-BA09-41E0-836B-E4535DF2597E}.Debug|Any CPU.ActiveCfg = Debug|Any CPU
		{0555CBC8-BA09-41E0-836B-E4535DF2597E}.Debug|Any CPU.Build.0 = Debug|Any CPU
		{0555CBC8-BA09-41E0-836B-E4535DF2597E}.Release|Any CPU.ActiveCfg = Release|Any CPU
		{0555CBC8-BA09-41E0-836B-E4535DF2597E}.Release|Any CPU.Build.0 = Release|Any CPU
		{7AF2E0BC-0456-4BB8-9F5E-3AAAD403E518}.Debug|Any CPU.ActiveCfg = Debug|Any CPU
		{7AF2E0BC-0456-4BB8-9F5E-3AAAD403E518}.Debug|Any CPU.Build.0 = Debug|Any CPU
		{7AF2E0BC-0456-4BB8-9F5E-3AAAD403E518}.Release|Any CPU.ActiveCfg = Release|Any CPU
		{7AF2E0BC-0456-4BB8-9F5E-3AAAD403E518}.Release|Any CPU.Build.0 = Release|Any CPU
		{AB5D449C-D4FC-4E57-8E00-9D89866A702E}.Debug|Any CPU.ActiveCfg = Debug|Any CPU
		{AB5D449C-D4FC-4E57-8E00-9D89866A702E}.Debug|Any CPU.Build.0 = Debug|Any CPU
		{AB5D449C-D4FC-4E57-8E00-9D89866A702E}.Release|Any CPU.ActiveCfg = Release|Any CPU
		{AB5D449C-D4FC-4E57-8E00-9D89866A702E}.Release|Any CPU.Build.0 = Release|Any CPU
		{B9FB91FC-E41B-4B7A-9A72-0FE08583432E}.Debug|Any CPU.ActiveCfg = Debug|Any CPU
		{B9FB91FC-E41B-4B7A-9A72-0FE08583432E}.Debug|Any CPU.Build.0 = Debug|Any CPU
		{B9FB91FC-E41B-4B7A-9A72-0FE08583432E}.Release|Any CPU.ActiveCfg = Release|Any CPU
		{B9FB91FC-E41B-4B7A-9A72-0FE08583432E}.Release|Any CPU.Build.0 = Release|Any CPU
		{68616255-2163-4281-B8B8-D85C55C03197}.Debug|Any CPU.ActiveCfg = Debug|Any CPU
		{68616255-2163-4281-B8B8-D85C55C03197}.Debug|Any CPU.Build.0 = Debug|Any CPU
		{68616255-2163-4281-B8B8-D85C55C03197}.Release|Any CPU.ActiveCfg = Release|Any CPU
		{68616255-2163-4281-B8B8-D85C55C03197}.Release|Any CPU.Build.0 = Release|Any CPU
		{59F27D75-52B2-46C2-81C7-7184AF16D086}.Debug|Any CPU.ActiveCfg = Debug|Any CPU
		{59F27D75-52B2-46C2-81C7-7184AF16D086}.Debug|Any CPU.Build.0 = Debug|Any CPU
		{59F27D75-52B2-46C2-81C7-7184AF16D086}.Release|Any CPU.ActiveCfg = Release|Any CPU
		{59F27D75-52B2-46C2-81C7-7184AF16D086}.Release|Any CPU.Build.0 = Release|Any CPU
		{D149A6D8-A0D0-48F9-9D61-FF2B9852FB7C}.Debug|Any CPU.ActiveCfg = Debug|Any CPU
		{D149A6D8-A0D0-48F9-9D61-FF2B9852FB7C}.Debug|Any CPU.Build.0 = Debug|Any CPU
		{D149A6D8-A0D0-48F9-9D61-FF2B9852FB7C}.Release|Any CPU.ActiveCfg = Release|Any CPU
		{D149A6D8-A0D0-48F9-9D61-FF2B9852FB7C}.Release|Any CPU.Build.0 = Release|Any CPU
		{11C5B81B-3447-41FA-8F05-D19BA669EEB3}.Debug|Any CPU.ActiveCfg = Debug|Any CPU
		{11C5B81B-3447-41FA-8F05-D19BA669EEB3}.Debug|Any CPU.Build.0 = Debug|Any CPU
		{11C5B81B-3447-41FA-8F05-D19BA669EEB3}.Release|Any CPU.ActiveCfg = Release|Any CPU
		{11C5B81B-3447-41FA-8F05-D19BA669EEB3}.Release|Any CPU.Build.0 = Release|Any CPU
		{EC591FF0-26E5-439A-BF58-A25756A648F9}.Debug|Any CPU.ActiveCfg = Debug|Any CPU
		{EC591FF0-26E5-439A-BF58-A25756A648F9}.Debug|Any CPU.Build.0 = Debug|Any CPU
		{EC591FF0-26E5-439A-BF58-A25756A648F9}.Release|Any CPU.ActiveCfg = Release|Any CPU
		{EC591FF0-26E5-439A-BF58-A25756A648F9}.Release|Any CPU.Build.0 = Release|Any CPU
		{720742E4-78D8-424D-9A7C-54B6DEDEEDC3}.Debug|Any CPU.ActiveCfg = Debug|Any CPU
		{720742E4-78D8-424D-9A7C-54B6DEDEEDC3}.Debug|Any CPU.Build.0 = Debug|Any CPU
		{720742E4-78D8-424D-9A7C-54B6DEDEEDC3}.Release|Any CPU.ActiveCfg = Release|Any CPU
		{720742E4-78D8-424D-9A7C-54B6DEDEEDC3}.Release|Any CPU.Build.0 = Release|Any CPU
		{EF8D14C6-C8FB-4DB8-B75E-DDB2C472F1D2}.Debug|Any CPU.ActiveCfg = Debug|Any CPU
		{EF8D14C6-C8FB-4DB8-B75E-DDB2C472F1D2}.Debug|Any CPU.Build.0 = Debug|Any CPU
		{EF8D14C6-C8FB-4DB8-B75E-DDB2C472F1D2}.Release|Any CPU.ActiveCfg = Release|Any CPU
		{EF8D14C6-C8FB-4DB8-B75E-DDB2C472F1D2}.Release|Any CPU.Build.0 = Release|Any CPU
		{0B667811-B4B3-4CBA-9DAA-0FD7580CC1A9}.Debug|Any CPU.ActiveCfg = Debug|Any CPU
		{0B667811-B4B3-4CBA-9DAA-0FD7580CC1A9}.Debug|Any CPU.Build.0 = Debug|Any CPU
		{0B667811-B4B3-4CBA-9DAA-0FD7580CC1A9}.Release|Any CPU.ActiveCfg = Release|Any CPU
		{0B667811-B4B3-4CBA-9DAA-0FD7580CC1A9}.Release|Any CPU.Build.0 = Release|Any CPU
		{05C50480-52FB-4811-8743-43BCD88F5086}.Debug|Any CPU.ActiveCfg = Debug|Any CPU
		{05C50480-52FB-4811-8743-43BCD88F5086}.Debug|Any CPU.Build.0 = Debug|Any CPU
		{05C50480-52FB-4811-8743-43BCD88F5086}.Release|Any CPU.ActiveCfg = Release|Any CPU
		{05C50480-52FB-4811-8743-43BCD88F5086}.Release|Any CPU.Build.0 = Release|Any CPU
		{11CE117D-B2C9-4326-A0B0-1ED217961FEC}.Debug|Any CPU.ActiveCfg = Debug|Any CPU
		{11CE117D-B2C9-4326-A0B0-1ED217961FEC}.Debug|Any CPU.Build.0 = Debug|Any CPU
		{11CE117D-B2C9-4326-A0B0-1ED217961FEC}.Release|Any CPU.ActiveCfg = Release|Any CPU
		{11CE117D-B2C9-4326-A0B0-1ED217961FEC}.Release|Any CPU.Build.0 = Release|Any CPU
	EndGlobalSection
	GlobalSection(SolutionProperties) = preSolution
		HideSolutionNode = FALSE
	EndGlobalSection
	GlobalSection(NestedProjects) = preSolution
		{7CDBF02F-0E2A-4C2C-956E-9BD37161C3AD} = {7A079F87-7987-41C5-9081-7958383EAC26}
		{E6769A32-19BD-4BDC-B34A-84DF1302D007} = {7CDBF02F-0E2A-4C2C-956E-9BD37161C3AD}
		{A112ACCF-E04D-4CCC-A2FA-362D66C73D3C} = {7A079F87-7987-41C5-9081-7958383EAC26}
		{96197657-7058-43FC-8A51-7EB60C732E4E} = {A112ACCF-E04D-4CCC-A2FA-362D66C73D3C}
		{426E5B61-50E5-4603-B1FD-F705CA576B11} = {7A079F87-7987-41C5-9081-7958383EAC26}
		{4A453CE7-E73B-4702-ADA5-070EFE8E3CBE} = {426E5B61-50E5-4603-B1FD-F705CA576B11}
		{A29F3ADD-4FBE-4AF7-B676-2E001D006E8B} = {426E5B61-50E5-4603-B1FD-F705CA576B11}
		{310D14F2-BCDD-4C65-B666-58CDFDB087A9} = {426E5B61-50E5-4603-B1FD-F705CA576B11}
		{DFF9FBDA-6698-43F9-8BAA-1B8EBF1B861C} = {A29F3ADD-4FBE-4AF7-B676-2E001D006E8B}
		{19858183-D28D-4151-BE4A-10C9622E4C43} = {A29F3ADD-4FBE-4AF7-B676-2E001D006E8B}
		{E784B477-6734-49F0-90FE-3BFF89C32B23} = {310D14F2-BCDD-4C65-B666-58CDFDB087A9}
		{FEE73290-39A6-4A00-ACB5-550F33CAD1A5} = {4A453CE7-E73B-4702-ADA5-070EFE8E3CBE}
		{0555CBC8-BA09-41E0-836B-E4535DF2597E} = {66C1C102-B6CD-4083-85E9-070032E8F67C}
		{B8721736-DECE-47EE-B377-4CD859230634} = {7A079F87-7987-41C5-9081-7958383EAC26}
		{7AF2E0BC-0456-4BB8-9F5E-3AAAD403E518} = {B8721736-DECE-47EE-B377-4CD859230634}
		{AB5D449C-D4FC-4E57-8E00-9D89866A702E} = {B8721736-DECE-47EE-B377-4CD859230634}
		{B9FB91FC-E41B-4B7A-9A72-0FE08583432E} = {B8721736-DECE-47EE-B377-4CD859230634}
		{68616255-2163-4281-B8B8-D85C55C03197} = {B8721736-DECE-47EE-B377-4CD859230634}
		{59F27D75-52B2-46C2-81C7-7184AF16D086} = {B8721736-DECE-47EE-B377-4CD859230634}
		{2EC80844-CFDD-44D3-B702-46A1F914B0B5} = {7A079F87-7987-41C5-9081-7958383EAC26}
		{D149A6D8-A0D0-48F9-9D61-FF2B9852FB7C} = {2EC80844-CFDD-44D3-B702-46A1F914B0B5}
		{11C5B81B-3447-41FA-8F05-D19BA669EEB3} = {47B7C309-5CFB-4604-9E03-AEA13C7F1D33}
		{EC591FF0-26E5-439A-BF58-A25756A648F9} = {47B7C309-5CFB-4604-9E03-AEA13C7F1D33}
		{02EA681E-C7D8-13C7-8484-4AC65E1B71E8} = {7A079F87-7987-41C5-9081-7958383EAC26}
		{720742E4-78D8-424D-9A7C-54B6DEDEEDC3} = {02EA681E-C7D8-13C7-8484-4AC65E1B71E8}
		{EF8D14C6-C8FB-4DB8-B75E-DDB2C472F1D2} = {45B5FEB1-3EFE-4FB2-B55A-8968E841703E}
		{F9F7ECEA-3113-428E-A6D7-A98CDF33A85D} = {7A079F87-7987-41C5-9081-7958383EAC26}
		{0B667811-B4B3-4CBA-9DAA-0FD7580CC1A9} = {F9F7ECEA-3113-428E-A6D7-A98CDF33A85D}
		{ACEAFDEE-F780-48F1-825A-12B340ADD733} = {7A079F87-7987-41C5-9081-7958383EAC26}
		{05C50480-52FB-4811-8743-43BCD88F5086} = {ACEAFDEE-F780-48F1-825A-12B340ADD733}
		{9206212C-38C0-4301-B5F0-0A1B436B0AB9} = {7A079F87-7987-41C5-9081-7958383EAC26}
		{11CE117D-B2C9-4326-A0B0-1ED217961FEC} = {9206212C-38C0-4301-B5F0-0A1B436B0AB9}
	EndGlobalSection
	GlobalSection(ExtensibilityGlobals) = postSolution
		SolutionGuid = {C07634B3-306B-473A-A4F1-C82B1B164E7D}
	EndGlobalSection
EndGlobal
